
Microsoft Visual Studio Solution File, Format Version 12.00
# Visual Studio Version 16
VisualStudioVersion = 16.0.31019.35
MinimumVisualStudioVersion = 10.0.40219.1
Project("{FAE04EC0-301F-11D3-BF4B-00C04F79EFBC}") = "Nullable", "Nullable\Nullable.csproj", "{EE540957-A3A5-485F-913B-3BCC051AE1C0}"
EndProject
Global
	GlobalSection(SolutionConfigurationPlatforms) = preSolution
		Debug|Any CPU = Debug|Any CPU
		Release|Any CPU = Release|Any CPU
	EndGlobalSection
	GlobalSection(ProjectConfigurationPlatforms) = postSolution
		{EE540957-A3A5-485F-913B-3BCC051AE1C0}.Debug|Any CPU.ActiveCfg = Debug|Any CPU
		{EE540957-A3A5-485F-913B-3BCC051AE1C0}.Debug|Any CPU.Build.0 = Debug|Any CPU
		{EE540957-A3A5-485F-913B-3BCC051AE1C0}.Release|Any CPU.ActiveCfg = Release|Any CPU
		{EE540957-A3A5-485F-913B-3BCC051AE1C0}.Release|Any CPU.Build.0 = Release|Any CPU
	EndGlobalSection
	GlobalSection(SolutionProperties) = preSolution
		HideSolutionNode = FALSE
	EndGlobalSection
	GlobalSection(ExtensibilityGlobals) = postSolution
		SolutionGuid = {EE81EDF3-270B-46AC-9014-A459BC3A7EC5}
	EndGlobalSection
EndGlobal
