
Microsoft Visual Studio Solution File, Format Version 12.00
# Visual Studio Version 16
VisualStudioVersion = 16.0.31112.23
MinimumVisualStudioVersion = 10.0.40219.1
Project("{FAE04EC0-301F-11D3-BF4B-00C04F79EFBC}") = "Calculator", "Calculator\Calculator.csproj", "{C2218D31-BD07-44F6-B168-4A77CFABA100}"
EndProject
Project("{FAE04EC0-301F-11D3-BF4B-00C04F79EFBC}") = "Car racing", "Car racing\Car racing.csproj", "{01426B40-0BB3-4DF3-ACF5-7956495B8432}"
EndProject
Global
	GlobalSection(SolutionConfigurationPlatforms) = preSolution
		Debug|Any CPU = Debug|Any CPU
		Release|Any CPU = Release|Any CPU
	EndGlobalSection
	GlobalSection(ProjectConfigurationPlatforms) = postSolution
		{C2218D31-BD07-44F6-B168-4A77CFABA100}.Debug|Any CPU.ActiveCfg = Debug|Any CPU
		{C2218D31-BD07-44F6-B168-4A77CFABA100}.Debug|Any CPU.Build.0 = Debug|Any CPU
		{C2218D31-BD07-44F6-B168-4A77CFABA100}.Release|Any CPU.ActiveCfg = Release|Any CPU
		{C2218D31-BD07-44F6-B168-4A77CFABA100}.Release|Any CPU.Build.0 = Release|Any CPU
		{01426B40-0BB3-4DF3-ACF5-7956495B8432}.Debug|Any CPU.ActiveCfg = Debug|Any CPU
		{01426B40-0BB3-4DF3-ACF5-7956495B8432}.Debug|Any CPU.Build.0 = Debug|Any CPU
		{01426B40-0BB3-4DF3-ACF5-7956495B8432}.Release|Any CPU.ActiveCfg = Release|Any CPU
		{01426B40-0BB3-4DF3-ACF5-7956495B8432}.Release|Any CPU.Build.0 = Release|Any CPU
	EndGlobalSection
	GlobalSection(SolutionProperties) = preSolution
		HideSolutionNode = FALSE
	EndGlobalSection
	GlobalSection(ExtensibilityGlobals) = postSolution
		SolutionGuid = {07EC1881-123F-4E52-933B-F286CEB8387D}
	EndGlobalSection
EndGlobal
