
Microsoft Visual Studio Solution File, Format Version 12.00
# Visual Studio Version 16
VisualStudioVersion = 16.0.31019.35
MinimumVisualStudioVersion = 10.0.40219.1
Project("{FAE04EC0-301F-11D3-BF4B-00C04F79EFBC}") = "Home Work Jugged", "Home Work Jugged\Home Work Jugged.csproj", "{295A488F-02F6-47C7-AB5E-AAEF908D410B}"
EndProject
Global
	GlobalSection(SolutionConfigurationPlatforms) = preSolution
		Debug|Any CPU = Debug|Any CPU
		Release|Any CPU = Release|Any CPU
	EndGlobalSection
	GlobalSection(ProjectConfigurationPlatforms) = postSolution
		{295A488F-02F6-47C7-AB5E-AAEF908D410B}.Debug|Any CPU.ActiveCfg = Debug|Any CPU
		{295A488F-02F6-47C7-AB5E-AAEF908D410B}.Debug|Any CPU.Build.0 = Debug|Any CPU
		{295A488F-02F6-47C7-AB5E-AAEF908D410B}.Release|Any CPU.ActiveCfg = Release|Any CPU
		{295A488F-02F6-47C7-AB5E-AAEF908D410B}.Release|Any CPU.Build.0 = Release|Any CPU
	EndGlobalSection
	GlobalSection(SolutionProperties) = preSolution
		HideSolutionNode = FALSE
	EndGlobalSection
	GlobalSection(ExtensibilityGlobals) = postSolution
		SolutionGuid = {31BCF371-0793-4FFD-8B27-8C372F231CD2}
	EndGlobalSection
EndGlobal
